
Microsoft Visual Studio Solution File, Format Version 12.00
# Visual Studio Version 17
VisualStudioVersion = 17.5.33627.172
MinimumVisualStudioVersion = 10.0.40219.1
Project("{FAE04EC0-301F-11D3-BF4B-00C04F79EFBC}") = "DAL", "DAL\DAL.csproj", "{1B03A72B-A322-4216-B4BA-08D10BEE7BFD}"
EndProject
Project("{FAE04EC0-301F-11D3-BF4B-00C04F79EFBC}") = "BUS", "BUS\BUS.csproj", "{1E6A0DB5-DC9A-4595-84DD-D0E334804488}"
EndProject
Project("{FAE04EC0-301F-11D3-BF4B-00C04F79EFBC}") = "PRL", "PRL\PRL.csproj", "{C95FE418-6B00-4415-B96F-F9C93C2F6C15}"
EndProject
Global
	GlobalSection(SolutionConfigurationPlatforms) = preSolution
		Debug|Any CPU = Debug|Any CPU
		Release|Any CPU = Release|Any CPU
	EndGlobalSection
	GlobalSection(ProjectConfigurationPlatforms) = postSolution
		{1B03A72B-A322-4216-B4BA-08D10BEE7BFD}.Debug|Any CPU.ActiveCfg = Debug|Any CPU
		{1B03A72B-A322-4216-B4BA-08D10BEE7BFD}.Debug|Any CPU.Build.0 = Debug|Any CPU
		{1B03A72B-A322-4216-B4BA-08D10BEE7BFD}.Release|Any CPU.ActiveCfg = Release|Any CPU
		{1B03A72B-A322-4216-B4BA-08D10BEE7BFD}.Release|Any CPU.Build.0 = Release|Any CPU
		{1E6A0DB5-DC9A-4595-84DD-D0E334804488}.Debug|Any CPU.ActiveCfg = Debug|Any CPU
		{1E6A0DB5-DC9A-4595-84DD-D0E334804488}.Debug|Any CPU.Build.0 = Debug|Any CPU
		{1E6A0DB5-DC9A-4595-84DD-D0E334804488}.Release|Any CPU.ActiveCfg = Release|Any CPU
		{1E6A0DB5-DC9A-4595-84DD-D0E334804488}.Release|Any CPU.Build.0 = Release|Any CPU
		{C95FE418-6B00-4415-B96F-F9C93C2F6C15}.Debug|Any CPU.ActiveCfg = Debug|Any CPU
		{C95FE418-6B00-4415-B96F-F9C93C2F6C15}.Debug|Any CPU.Build.0 = Debug|Any CPU
		{C95FE418-6B00-4415-B96F-F9C93C2F6C15}.Release|Any CPU.ActiveCfg = Release|Any CPU
		{C95FE418-6B00-4415-B96F-F9C93C2F6C15}.Release|Any CPU.Build.0 = Release|Any CPU
	EndGlobalSection
	GlobalSection(SolutionProperties) = preSolution
		HideSolutionNode = FALSE
	EndGlobalSection
	GlobalSection(ExtensibilityGlobals) = postSolution
		SolutionGuid = {917B244C-412E-4F32-8624-F169AE515D67}
	EndGlobalSection
EndGlobal
